
Microsoft Visual Studio Solution File, Format Version 12.00
# Visual Studio Version 16
VisualStudioVersion = 16.0.31702.278
MinimumVisualStudioVersion = 10.0.40219.1
Project("{FAE04EC0-301F-11D3-BF4B-00C04F79EFBC}") = "sabuesomicro", "sabuesomicro.csproj", "{C97173E4-3298-4956-ADC0-F28F1034E5D7}"
EndProject
Global
	GlobalSection(SolutionConfigurationPlatforms) = preSolution
		Debug|Any CPU = Debug|Any CPU
		Release|Any CPU = Release|Any CPU
	EndGlobalSection
	GlobalSection(ProjectConfigurationPlatforms) = postSolution
		{C97173E4-3298-4956-ADC0-F28F1034E5D7}.Debug|Any CPU.ActiveCfg = Debug|Any CPU
		{C97173E4-3298-4956-ADC0-F28F1034E5D7}.Debug|Any CPU.Build.0 = Debug|Any CPU
		{C97173E4-3298-4956-ADC0-F28F1034E5D7}.Release|Any CPU.ActiveCfg = Release|Any CPU
		{C97173E4-3298-4956-ADC0-F28F1034E5D7}.Release|Any CPU.Build.0 = Release|Any CPU
	EndGlobalSection
	GlobalSection(SolutionProperties) = preSolution
		HideSolutionNode = FALSE
	EndGlobalSection
	GlobalSection(ExtensibilityGlobals) = postSolution
		SolutionGuid = {738767AA-6A49-476A-B819-637267E24E68}
	EndGlobalSection
EndGlobal
